
Microsoft Visual Studio Solution File, Format Version 12.00
# Visual Studio Version 16
VisualStudioVersion = 16.0.29926.136
MinimumVisualStudioVersion = 10.0.40219.1
Project("{FAE04EC0-301F-11D3-BF4B-00C04F79EFBC}") = "nexxe.inventory.optimization.API", "nexxe.inventory.optimization.API\nexxe.inventory.optimization.API.csproj", "{13CF8FD6-6872-4E8C-89D4-DD18CEE4D5F6}"
EndProject
Project("{FAE04EC0-301F-11D3-BF4B-00C04F79EFBC}") = "nexxe.inventory.optimization.Core", "nexxe.inventory.optimization.Core\nexxe.inventory.optimization.Core.csproj", "{3710CF35-9B4B-431A-B74C-2EF530FC5283}"
EndProject
Project("{FAE04EC0-301F-11D3-BF4B-00C04F79EFBC}") = "nexxe.inventory.optimization.DataAccess", "nexxe.inventory.optimization.DataAccess\nexxe.inventory.optimization.DataAccess.csproj", "{09E2AEC7-0992-4E5F-82EB-F762E49AC525}"
EndProject
Project("{FAE04EC0-301F-11D3-BF4B-00C04F79EFBC}") = "nexxe.inventory.optimization.Infrastructure", "nexxe.inventory.optimization.Infrastructure\nexxe.inventory.optimization.Infrastructure.csproj", "{3EDF190F-79E3-498F-8D0D-48CC25609B70}"
EndProject
Project("{FAE04EC0-301F-11D3-BF4B-00C04F79EFBC}") = "nexxe.inventory.optimization.Service", "nexxe.inventory.optimization.Service\nexxe.inventory.optimization.Service.csproj", "{3D85833E-ECB3-4AE8-909C-8385C857F4DF}"
EndProject
Global
	GlobalSection(SolutionConfigurationPlatforms) = preSolution
		Debug|Any CPU = Debug|Any CPU
		Release|Any CPU = Release|Any CPU
	EndGlobalSection
	GlobalSection(ProjectConfigurationPlatforms) = postSolution
		{13CF8FD6-6872-4E8C-89D4-DD18CEE4D5F6}.Debug|Any CPU.ActiveCfg = Debug|Any CPU
		{13CF8FD6-6872-4E8C-89D4-DD18CEE4D5F6}.Debug|Any CPU.Build.0 = Debug|Any CPU
		{13CF8FD6-6872-4E8C-89D4-DD18CEE4D5F6}.Release|Any CPU.ActiveCfg = Release|Any CPU
		{13CF8FD6-6872-4E8C-89D4-DD18CEE4D5F6}.Release|Any CPU.Build.0 = Release|Any CPU
		{3710CF35-9B4B-431A-B74C-2EF530FC5283}.Debug|Any CPU.ActiveCfg = Debug|Any CPU
		{3710CF35-9B4B-431A-B74C-2EF530FC5283}.Debug|Any CPU.Build.0 = Debug|Any CPU
		{3710CF35-9B4B-431A-B74C-2EF530FC5283}.Release|Any CPU.ActiveCfg = Release|Any CPU
		{3710CF35-9B4B-431A-B74C-2EF530FC5283}.Release|Any CPU.Build.0 = Release|Any CPU
		{09E2AEC7-0992-4E5F-82EB-F762E49AC525}.Debug|Any CPU.ActiveCfg = Debug|Any CPU
		{09E2AEC7-0992-4E5F-82EB-F762E49AC525}.Debug|Any CPU.Build.0 = Debug|Any CPU
		{09E2AEC7-0992-4E5F-82EB-F762E49AC525}.Release|Any CPU.ActiveCfg = Release|Any CPU
		{09E2AEC7-0992-4E5F-82EB-F762E49AC525}.Release|Any CPU.Build.0 = Release|Any CPU
		{3EDF190F-79E3-498F-8D0D-48CC25609B70}.Debug|Any CPU.ActiveCfg = Debug|Any CPU
		{3EDF190F-79E3-498F-8D0D-48CC25609B70}.Debug|Any CPU.Build.0 = Debug|Any CPU
		{3EDF190F-79E3-498F-8D0D-48CC25609B70}.Release|Any CPU.ActiveCfg = Release|Any CPU
		{3EDF190F-79E3-498F-8D0D-48CC25609B70}.Release|Any CPU.Build.0 = Release|Any CPU
		{3D85833E-ECB3-4AE8-909C-8385C857F4DF}.Debug|Any CPU.ActiveCfg = Debug|Any CPU
		{3D85833E-ECB3-4AE8-909C-8385C857F4DF}.Debug|Any CPU.Build.0 = Debug|Any CPU
		{3D85833E-ECB3-4AE8-909C-8385C857F4DF}.Release|Any CPU.ActiveCfg = Release|Any CPU
		{3D85833E-ECB3-4AE8-909C-8385C857F4DF}.Release|Any CPU.Build.0 = Release|Any CPU
	EndGlobalSection
	GlobalSection(SolutionProperties) = preSolution
		HideSolutionNode = FALSE
	EndGlobalSection
	GlobalSection(ExtensibilityGlobals) = postSolution
		SolutionGuid = {891C3685-4806-4871-A0B1-0D6AA772FC80}
	EndGlobalSection
EndGlobal
